# THIS IS AN AUTOGENERATED FILE. DO NOT EDIT THIS FILE DIRECTLY.
# yarn lockfile v1


"@antfu/install-pkg@^0.1.0":
  version "0.1.0"
  resolved "https://registry.yarnpkg.com/@antfu/install-pkg/-/install-pkg-0.1.0.tgz#8d8c61820cbc32e5c37d82d515485ad3ee9bd052"
  integrity sha512-VaIJd3d1o7irZfK1U0nvBsHMyjkuyMP3HKYVV53z8DKyulkHKmjhhtccXO51WSPeeSHIeoJEoNOKavYpS7jkZw==
  dependencies:
    execa "^5.1.1"
    find-up "^5.0.0"

"@antfu/utils@^0.3.0":
  version "0.3.0"
  resolved "https://registry.yarnpkg.com/@antfu/utils/-/utils-0.3.0.tgz#6306c43b52a883bd8e973e3ed8dd64248418bcc4"
  integrity sha512-UU8TLr/EoXdg7OjMp0h9oDoIAVr+Z/oW9cpOxQQyrsz6Qzd2ms/1CdWx8fl2OQdFpxGmq5Vc4TwfLHId6nAZjA==
  dependencies:
    "@types/throttle-debounce" "^2.1.0"

"@antfu/utils@^0.4.0":
  version "0.4.0"
  resolved "https://registry.yarnpkg.com/@antfu/utils/-/utils-0.4.0.tgz#df100ed9922d7359bf6c99083765b5207086b9a7"
  integrity sha512-gqkpvjkgFUu+s3kP+Ly33OKpo5zvVY3FDFhv5BIb98SncS3KD6DNxPfNDjwHIoyXbz1leWo1j8DtRLZ1D2Jv+Q==
  dependencies:
    "@types/throttle-debounce" "^2.1.0"

"@iconify/types@^1.0.12":
  version "1.0.12"
  resolved "https://registry.yarnpkg.com/@iconify/types/-/types-1.0.12.tgz#839f1f784b7030b94482d51996570f4dbd7d6796"
  integrity sha512-6er6wSGF3hgc1JEZqiGpg21CTCjHBYOUwqLmb2Idzkjiw6ogalGP0ZMLVutCzah+0WB4yP+Zd2oVPN8jvJ+Ftg==

"@iconify/utils@^1.0.20":
  version "1.0.21"
  resolved "https://registry.yarnpkg.com/@iconify/utils/-/utils-1.0.21.tgz#58bdde50f87d425d68d5c4f163325c38e81c6746"
  integrity sha512-Rf8vfOH7MI30xyc9rbLFdxnfsfdcrIiIxsoZyEWkUK8P65QsS9PrQXunOc9Wt7uZfJTiX25WMED3WqLKXrRx1Q==
  dependencies:
    "@antfu/install-pkg" "^0.1.0"
    "@antfu/utils" "^0.3.0"
    "@iconify/types" "^1.0.12"
    debug "^4.3.3"
    kolorist "^1.5.0"
    local-pkg "^0.4.0"

"@nodelib/fs.scandir@2.1.5":
  version "2.1.5"
  resolved "https://registry.nlark.com/@nodelib/fs.scandir/download/@nodelib/fs.scandir-2.1.5.tgz#7619c2eb21b25483f6d167548b4cfd5a7488c3d5"
  integrity sha1-dhnC6yGyVIP20WdUi0z9WnSIw9U=
  dependencies:
    "@nodelib/fs.stat" "2.0.5"
    run-parallel "^1.1.9"

"@nodelib/fs.stat@2.0.5", "@nodelib/fs.stat@^2.0.2":
  version "2.0.5"
  resolved "https://registry.npmmirror.com/@nodelib/fs.stat/download/@nodelib/fs.stat-2.0.5.tgz#5bd262af94e9d25bd1e71b05deed44876a222e8b"
  integrity sha1-W9Jir5Tp0lvR5xsF3u1Eh2oiLos=

"@nodelib/fs.walk@^1.2.3":
  version "1.2.8"
  resolved "https://registry.nlark.com/@nodelib/fs.walk/download/@nodelib/fs.walk-1.2.8.tgz?cache=0&sync_timestamp=1625769815389&other_urls=https%3A%2F%2Fregistry.nlark.com%2F%40nodelib%2Ffs.walk%2Fdownload%2F%40nodelib%2Ffs.walk-1.2.8.tgz#e95737e8bb6746ddedf69c556953494f196fe69a"
  integrity sha1-6Vc36LtnRt3t9pxVaVNJTxlv5po=
  dependencies:
    "@nodelib/fs.scandir" "2.1.5"
    fastq "^1.6.0"

"@polka/url@^1.0.0-next.20":
  version "1.0.0-next.21"
  resolved "https://registry.yarnpkg.com/@polka/url/-/url-1.0.0-next.21.tgz#5de5a2385a35309427f6011992b544514d559aa1"
  integrity sha512-a5Sab1C4/icpTZVzZc5Ghpz88yQtGOyNqYXcZgOssB2uuAr+wF/MvN6bgtW32q7HHrvBki+BsZ0OuNv6EV3K9g==

"@rollup/pluginutils@^4.1.2":
  version "4.1.2"
  resolved "https://registry.yarnpkg.com/@rollup/pluginutils/-/pluginutils-4.1.2.tgz#ed5821c15e5e05e32816f5fb9ec607cdf5a75751"
  integrity sha512-ROn4qvkxP9SyPeHaf7uQC/GPFY6L/OWy9+bd9AwcjOAWQwxRscoEyAUD8qCY5o5iL4jqQwoLk2kaTKJPb/HwzQ==
  dependencies:
    estree-walker "^2.0.1"
    picomatch "^2.2.2"

"@types/throttle-debounce@^2.1.0":
  version "2.1.0"
  resolved "https://registry.yarnpkg.com/@types/throttle-debounce/-/throttle-debounce-2.1.0.tgz#1c3df624bfc4b62f992d3012b84c56d41eab3776"
  integrity sha512-5eQEtSCoESnh2FsiLTxE121IiE60hnMqcb435fShf4bpLRjEu1Eoekht23y6zXS9Ts3l+Szu3TARnTsA0GkOkQ==

"@unocss/cli@0.22.2":
  version "0.22.2"
  resolved "https://registry.yarnpkg.com/@unocss/cli/-/cli-0.22.2.tgz#d6d140c33b2159c1f3682bf7f853dd4eddb354ab"
  integrity sha512-ScL5oT/dArQTcI699c3D09HS88jFXZhlXuthbWda6E9z2WH8yWBcVtrbEur9mHniZOlnW2NVbUMXblSYQLZ0PQ==
  dependencies:
    "@unocss/config" "0.22.2"
    "@unocss/core" "0.22.2"
    "@unocss/preset-uno" "0.22.2"
    cac "^6.7.12"
    chokidar "^3.5.2"
    colorette "^2.0.16"
    consola "^2.15.3"
    fast-glob "^3.2.7"
    pathe "^0.2.0"

"@unocss/config@0.22.2":
  version "0.22.2"
  resolved "https://registry.yarnpkg.com/@unocss/config/-/config-0.22.2.tgz#6cb4fa9ad29ce8c789aedeca19a94a28bf7c4fb8"
  integrity sha512-bv/DryHHAZ7PTqgjW1U4FL6ztemktjtSt00vVCDsTrvNdpomRL7d078/Z+tnb72eifAU+1Ys3SRATJXaZ/Q6Ag==
  dependencies:
    "@unocss/core" "0.22.2"
    unconfig "^0.2.2"

"@unocss/core@0.22.2":
  version "0.22.2"
  resolved "https://registry.yarnpkg.com/@unocss/core/-/core-0.22.2.tgz#3da3e3bf87448f7489026a6800d9c13a916d6ce0"
  integrity sha512-s7whWwd1rVVbkd1PCascalc3Pk6j9/9EWP3jFa6zr8Zd0/9dGGJOCoR7q4fbvY4GQ9BYIItkaGcBATgPpB1W/A==

"@unocss/inspector@0.22.2":
  version "0.22.2"
  resolved "https://registry.yarnpkg.com/@unocss/inspector/-/inspector-0.22.2.tgz#4d898c298afc1a4f58d4ca835f3d354e071aa20c"
  integrity sha512-zxDaOPeDsmBj3I1MyGBtZfic9kw9whTA4Xh4gg5qy0znoB93jevcKlYcJn4UMyDd4W+vd8xqbrsaTGA0vBALNA==
  dependencies:
    gzip-size "^6.0.0"
    sirv "^2.0.0"

"@unocss/preset-attributify@0.22.2":
  version "0.22.2"
  resolved "https://registry.yarnpkg.com/@unocss/preset-attributify/-/preset-attributify-0.22.2.tgz#42ce953c379c295ebd875f5a7cfc5401b75d6eee"
  integrity sha512-9NsRBIvoJK54Yg55I6YHBTRshz7zcMJFNYUXcfuVOY5uXeV9LS4CKVrdRhp765t6kjoDbnrLAhe+TNqQAgLRuQ==
  dependencies:
    "@unocss/core" "0.22.2"

"@unocss/preset-icons@0.22.2":
  version "0.22.2"
  resolved "https://registry.yarnpkg.com/@unocss/preset-icons/-/preset-icons-0.22.2.tgz#adee154a0c5ad18766a64279b45007fd78975fc3"
  integrity sha512-myt1yGqnvLWpeHUbm4EBFZmTykk/SnJRWxw5ZHgmAuPqwT2Lm39BQdTLgfUEPh1nf7VTbAKrJ85FpmXL6drUrA==
  dependencies:
    "@iconify/utils" "^1.0.20"
    "@unocss/core" "0.22.2"
    local-pkg "^0.4.1"

"@unocss/preset-mini@0.22.2":
  version "0.22.2"
  resolved "https://registry.yarnpkg.com/@unocss/preset-mini/-/preset-mini-0.22.2.tgz#4025fda3575c7e02ad8e13cec770dcc05d0e3cbf"
  integrity sha512-T2OJfv870N9eiLDD0CYW0+zlASpAVqAM4Vg3HGG/IHIATUsSgfbToUzOVt3Ujkfwq2ORYwEzp1CzFjGFRxGsdg==
  dependencies:
    "@unocss/core" "0.22.2"

"@unocss/preset-uno@0.22.2":
  version "0.22.2"
  resolved "https://registry.yarnpkg.com/@unocss/preset-uno/-/preset-uno-0.22.2.tgz#8e47237cf84b69e99bd2940c0f8467775e2fbdfe"
  integrity sha512-KTz2Va3gsk9MoT12JjqM+e+Lv07fztich2mQMUJhtAuBA+FmoSNN6qHFROybSRvmAhgWVWqFqEXZv/GrnhSUPQ==
  dependencies:
    "@unocss/core" "0.22.2"
    "@unocss/preset-mini" "0.22.2"
    "@unocss/preset-wind" "0.22.2"

"@unocss/preset-web-fonts@0.22.2":
  version "0.22.2"
  resolved "https://registry.yarnpkg.com/@unocss/preset-web-fonts/-/preset-web-fonts-0.22.2.tgz#571bdc6bff991ed70dc6b05abf303da0f4a51ed7"
  integrity sha512-SptPRity/mdgpPqne4XJl6FiBaI8xQnZJmTNM0ejHhzvL9GomrL6TcUzL8+/YMaADRq3+iBiNSQakXZfjt2iaQ==
  dependencies:
    "@unocss/core" "0.22.2"
    axios "^0.24.0"

"@unocss/preset-wind@0.22.2":
  version "0.22.2"
  resolved "https://registry.yarnpkg.com/@unocss/preset-wind/-/preset-wind-0.22.2.tgz#96934824c892e7864e18636b723a3bee9b6478f7"
  integrity sha512-+jh//vZQUFkUvZXSLcpWYH2ZGM6hrO5CdUhGOuUYkQSx7eSkVpsZke3eNY5fdKcSpKG466OFvu1uHSWrMREqRA==
  dependencies:
    "@unocss/core" "0.22.2"
    "@unocss/preset-mini" "0.22.2"

"@unocss/reset@0.22.2":
  version "0.22.2"
  resolved "https://registry.yarnpkg.com/@unocss/reset/-/reset-0.22.2.tgz#85b3c775d40012f867542f718d6f69a7f6259331"
  integrity sha512-aloT+A+P/Lt2dpuYwbEkJJxSdwryQ8wLNrrwd21gaBDFuWfIX731zdKzuaxAWdEhCcY2URV+pSwHiuvJg+gxvw==

"@unocss/scope@0.22.2":
  version "0.22.2"
  resolved "https://registry.yarnpkg.com/@unocss/scope/-/scope-0.22.2.tgz#38287d054cb1e3e8ac3872bdfe1476aea2772ac8"
  integrity sha512-hPBJklmkuR4Nm5L7o0G+GhR9LrLQG6WXkDDFA4xSTbHZVtP8nkDDTxZnq6mWQCYeQ50rPw9941VTjzGidjxVLQ==

"@unocss/vite@0.22.2":
  version "0.22.2"
  resolved "https://registry.yarnpkg.com/@unocss/vite/-/vite-0.22.2.tgz#d03925d8ff31691a4317bf40bc9feabbbe8b8257"
  integrity sha512-WVJDI3pEmKrwcZmwEDojLtUIhdt+Gs7qzZSJeTknXZRSXNEb2QD9nw3amuI19ONKSHEaLsT2NwalnqSQkyD4kw==
  dependencies:
    "@rollup/pluginutils" "^4.1.2"
    "@unocss/config" "0.22.2"
    "@unocss/core" "0.22.2"
    "@unocss/inspector" "0.22.2"
    "@unocss/scope" "0.22.2"

"@windicss/config@1.6.2":
  version "1.6.2"
  resolved "https://registry.yarnpkg.com/@windicss/config/-/config-1.6.2.tgz#5bac63a785e30dd222f35a04332c599b52a51176"
  integrity sha512-xULo0Lm1wF7c7HGyjVegalfOw/ZkBjrpWZ4CnCD5Nhdlu+3kcXCwjOSgVgnSXgh3pg7CnMSdZ/vtnIlgPBqvKA==
  dependencies:
    debug "^4.3.3"
    jiti "^1.12.9"
    windicss "^3.4.2"

"@windicss/plugin-utils@1.6.2":
  version "1.6.2"
  resolved "https://registry.yarnpkg.com/@windicss/plugin-utils/-/plugin-utils-1.6.2.tgz#779a0bca93c4f5d1e84fb6dc03e9046530ee2e99"
  integrity sha512-W3TkqWwLeMfnqXc8LxVoaGEBioEJ114x2RYxDfex6iM3MPzL57qo+jZ5Wv4bvQQ5Id+Yt4gHTZbpgTzBRDouEQ==
  dependencies:
    "@antfu/utils" "^0.4.0"
    "@windicss/config" "1.6.2"
    debug "^4.3.3"
    fast-glob "^3.2.10"
    magic-string "^0.25.7"
    micromatch "^4.0.4"
    windicss "^3.4.2"

anymatch@~3.1.2:
  version "3.1.2"
  resolved "https://registry.yarnpkg.com/anymatch/-/anymatch-3.1.2.tgz#c0557c096af32f106198f4f4e2a383537e378716"
  integrity sha512-P43ePfOAIupkguHUycrc4qJ9kz8ZiuOUijaETwX7THt0Y/GNK7v0aa8rY816xWjZ7rJdA5XdMcpVFTKMq+RvWg==
  dependencies:
    normalize-path "^3.0.0"
    picomatch "^2.0.4"

axios@^0.24.0:
  version "0.24.0"
  resolved "https://registry.yarnpkg.com/axios/-/axios-0.24.0.tgz#804e6fa1e4b9c5288501dd9dff56a7a0940d20d6"
  integrity sha512-Q6cWsys88HoPgAaFAVUb0WpPk0O8iTeisR9IMqy9G8AbO4NlpVknrnQS03zzF9PGAWgO3cgletO3VjV/P7VztA==
  dependencies:
    follow-redirects "^1.14.4"

binary-extensions@^2.0.0:
  version "2.2.0"
  resolved "https://registry.yarnpkg.com/binary-extensions/-/binary-extensions-2.2.0.tgz#75f502eeaf9ffde42fc98829645be4ea76bd9e2d"
  integrity sha512-jDctJ/IVQbZoJykoeHbhXpOlNBqGNcwXJKJog42E5HDPUwQTSdjCHdihjj0DlnheQ7blbT6dHOafNAiS8ooQKA==

braces@^3.0.1, braces@~3.0.2:
  version "3.0.2"
  resolved "https://registry.npm.taobao.org/braces/download/braces-3.0.2.tgz#3454e1a462ee8d599e236df336cd9ea4f8afe107"
  integrity sha1-NFThpGLujVmeI23zNs2epPiv4Qc=
  dependencies:
    fill-range "^7.0.1"

cac@^6.7.12:
  version "6.7.12"
  resolved "https://registry.yarnpkg.com/cac/-/cac-6.7.12.tgz#6fb5ea2ff50bd01490dbda497f4ae75a99415193"
  integrity sha512-rM7E2ygtMkJqD9c7WnFU6fruFcN3xe4FM5yUmgxhZzIKJk4uHl9U/fhwdajGFQbQuv43FAUo1Fe8gX/oIKDeSA==

chokidar@^3.5.2:
  version "3.5.2"
  resolved "https://registry.yarnpkg.com/chokidar/-/chokidar-3.5.2.tgz#dba3976fcadb016f66fd365021d91600d01c1e75"
  integrity sha512-ekGhOnNVPgT77r4K/U3GDhu+FQ2S8TnK/s2KbIGXi0SZWuwkZ2QNyfWdZW+TVfn84DpEP7rLeCt2UI6bJ8GwbQ==
  dependencies:
    anymatch "~3.1.2"
    braces "~3.0.2"
    glob-parent "~5.1.2"
    is-binary-path "~2.1.0"
    is-glob "~4.0.1"
    normalize-path "~3.0.0"
    readdirp "~3.6.0"
  optionalDependencies:
    fsevents "~2.3.2"

colorette@^2.0.16:
  version "2.0.16"
  resolved "https://registry.yarnpkg.com/colorette/-/colorette-2.0.16.tgz#713b9af84fdb000139f04546bd4a93f62a5085da"
  integrity sha512-hUewv7oMjCp+wkBv5Rm0v87eJhq4woh5rSR+42YSQJKecCqgIqNkZ6lAlQms/BwHPJA5NKMRlpxPRv0n8HQW6g==

consola@^2.15.3:
  version "2.15.3"
  resolved "https://registry.yarnpkg.com/consola/-/consola-2.15.3.tgz#2e11f98d6a4be71ff72e0bdf07bd23e12cb61550"
  integrity sha512-9vAdYbHj6x2fLKC4+oPH0kFzY/orMZyG2Aj+kNylHxKGJ/Ed4dpNyAQYwJOdqO4zdM7XpVHmyejQDcQHrnuXbw==

cross-spawn@^7.0.3:
  version "7.0.3"
  resolved "https://registry.yarnpkg.com/cross-spawn/-/cross-spawn-7.0.3.tgz#f73a85b9d5d41d045551c177e2882d4ac85728a6"
  integrity sha512-iRDPJKUPVEND7dHPO8rkbOnPpyDygcDFtWjpeWNCgy8WP2rXcxXL8TskReQl6OrB2G7+UJrags1q15Fudc7G6w==
  dependencies:
    path-key "^3.1.0"
    shebang-command "^2.0.0"
    which "^2.0.1"

debug@^4.3.3:
  version "4.3.3"
  resolved "https://registry.yarnpkg.com/debug/-/debug-4.3.3.tgz#04266e0b70a98d4462e6e288e38259213332b664"
  integrity sha512-/zxw5+vh1Tfv+4Qn7a5nsbcJKPaSvCDhojn6FEl9vupwK2VCSDtEiEtqr8DFtzYFOdz63LBkxec7DYuc2jon6Q==
  dependencies:
    ms "2.1.2"

defu@^5.0.0:
  version "5.0.1"
  resolved "https://registry.yarnpkg.com/defu/-/defu-5.0.1.tgz#a034278f9b032bf0845d261aa75e9ad98da878ac"
  integrity sha512-EPS1carKg+dkEVy3qNTqIdp2qV7mUP08nIsupfwQpz++slCVRw7qbQyWvSTig+kFPwz2XXp5/kIIkH+CwrJKkQ==

duplexer@^0.1.2:
  version "0.1.2"
  resolved "https://registry.yarnpkg.com/duplexer/-/duplexer-0.1.2.tgz#3abe43aef3835f8ae077d136ddce0f276b0400e6"
  integrity sha512-jtD6YG370ZCIi/9GTaJKQxWTZD045+4R4hTk/x1UyoqadyJ9x9CgSi1RlVDQF8U2sxLLSnFkCaMihqljHIWgMg==

estree-walker@^2.0.1:
  version "2.0.2"
  resolved "https://registry.yarnpkg.com/estree-walker/-/estree-walker-2.0.2.tgz#52f010178c2a4c117a7757cfe942adb7d2da4cac"
  integrity sha512-Rfkk/Mp/DL7JVje3u18FxFujQlTNR2q6QfMSMB7AvCBx91NGj/ba3kCfza0f6dVDbw7YlRf/nDrn7pQrCCyQ/w==

execa@^5.1.1:
  version "5.1.1"
  resolved "https://registry.yarnpkg.com/execa/-/execa-5.1.1.tgz#f80ad9cbf4298f7bd1d4c9555c21e93741c411dd"
  integrity sha512-8uSpZZocAZRBAPIEINJj3Lo9HyGitllczc27Eh5YYojjMFMn8yHMDMaUHE2Jqfq05D/wucwI4JGURyXt1vchyg==
  dependencies:
    cross-spawn "^7.0.3"
    get-stream "^6.0.0"
    human-signals "^2.1.0"
    is-stream "^2.0.0"
    merge-stream "^2.0.0"
    npm-run-path "^4.0.1"
    onetime "^5.1.2"
    signal-exit "^3.0.3"
    strip-final-newline "^2.0.0"

fast-glob@^3.2.10, fast-glob@^3.2.7:
  version "3.2.11"
  resolved "https://registry.yarnpkg.com/fast-glob/-/fast-glob-3.2.11.tgz#a1172ad95ceb8a16e20caa5c5e56480e5129c1d9"
  integrity sha512-xrO3+1bxSo3ZVHAnqzyuewYT6aMFHRAd4Kcs92MAonjwQZLsK9d0SF1IyQ3k5PoirxTW0Oe/RqFgMQ6TcNE5Ew==
  dependencies:
    "@nodelib/fs.stat" "^2.0.2"
    "@nodelib/fs.walk" "^1.2.3"
    glob-parent "^5.1.2"
    merge2 "^1.3.0"
    micromatch "^4.0.4"

fastq@^1.6.0:
  version "1.13.0"
  resolved "https://registry.nlark.com/fastq/download/fastq-1.13.0.tgz#616760f88a7526bdfc596b7cab8c18938c36b98c"
  integrity sha1-YWdg+Ip1Jr38WWt8q4wYk4w2uYw=
  dependencies:
    reusify "^1.0.4"

fill-range@^7.0.1:
  version "7.0.1"
  resolved "https://registry.npm.taobao.org/fill-range/download/fill-range-7.0.1.tgz#1919a6a7c75fe38b2c7c77e5198535da9acdda40"
  integrity sha1-GRmmp8df44ssfHflGYU12prN2kA=
  dependencies:
    to-regex-range "^5.0.1"

find-up@^5.0.0:
  version "5.0.0"
  resolved "https://registry.yarnpkg.com/find-up/-/find-up-5.0.0.tgz#4c92819ecb7083561e4f4a240a86be5198f536fc"
  integrity sha512-78/PXT1wlLLDgTzDs7sjq9hzz0vXD+zn+7wypEe4fXQxCmdmqfGsEPQxmiCSQI3ajFV91bVSsvNtrJRiW6nGng==
  dependencies:
    locate-path "^6.0.0"
    path-exists "^4.0.0"

follow-redirects@^1.14.4:
  version "1.14.7"
  resolved "https://registry.yarnpkg.com/follow-redirects/-/follow-redirects-1.14.7.tgz#2004c02eb9436eee9a21446a6477debf17e81685"
  integrity sha512-+hbxoLbFMbRKDwohX8GkTataGqO6Jb7jGwpAlwgy2bIz25XtRm7KEzJM76R1WiNT5SwZkX4Y75SwBolkpmE7iQ==

fsevents@~2.3.2:
  version "2.3.2"
  resolved "https://registry.yarnpkg.com/fsevents/-/fsevents-2.3.2.tgz#8a526f78b8fdf4623b709e0b975c52c24c02fd1a"
  integrity sha512-xiqMQR4xAeHTuB9uWm+fFRcIOgKBMiOBP+eXiyT7jsgVCq1bkVygt00oASowB7EdtpOHaaPgKt812P9ab+DDKA==

get-stream@^6.0.0:
  version "6.0.1"
  resolved "https://registry.yarnpkg.com/get-stream/-/get-stream-6.0.1.tgz#a262d8eef67aced57c2852ad6167526a43cbf7b7"
  integrity sha512-ts6Wi+2j3jQjqi70w5AlN8DFnkSwC+MqmxEzdEALB2qXZYV3X/b1CTfgPLGJNMeAWxdPfU8FO1ms3NUfaHCPYg==

glob-parent@^5.1.2, glob-parent@~5.1.2:
  version "5.1.2"
  resolved "https://registry.npmmirror.com/glob-parent/download/glob-parent-5.1.2.tgz#869832c58034fe68a4093c17dc15e8340d8401c4"
  integrity sha1-hpgyxYA0/mikCTwX3BXoNA2EAcQ=
  dependencies:
    is-glob "^4.0.1"

gzip-size@^6.0.0:
  version "6.0.0"
  resolved "https://registry.yarnpkg.com/gzip-size/-/gzip-size-6.0.0.tgz#065367fd50c239c0671cbcbad5be3e2eeb10e462"
  integrity sha512-ax7ZYomf6jqPTQ4+XCpUGyXKHk5WweS+e05MBO4/y3WJ5RkmPXNKvX+bx1behVILVwr6JSQvZAku021CHPXG3Q==
  dependencies:
    duplexer "^0.1.2"

human-signals@^2.1.0:
  version "2.1.0"
  resolved "https://registry.yarnpkg.com/human-signals/-/human-signals-2.1.0.tgz#dc91fcba42e4d06e4abaed33b3e7a3c02f514ea0"
  integrity sha512-B4FFZ6q/T2jhhksgkbEW3HBvWIfDW85snkQgawt07S7J5QXTk6BkNV+0yAeZrM5QpMAdYlocGoljn0sJ/WQkFw==

is-binary-path@~2.1.0:
  version "2.1.0"
  resolved "https://registry.yarnpkg.com/is-binary-path/-/is-binary-path-2.1.0.tgz#ea1f7f3b80f064236e83470f86c09c254fb45b09"
  integrity sha512-ZMERYes6pDydyuGidse7OsHxtbI7WVeUEozgR/g7rd0xUimYNlvZRE/K2MgZTjWy725IfelLeVcEM97mmtRGXw==
  dependencies:
    binary-extensions "^2.0.0"

is-extglob@^2.1.1:
  version "2.1.1"
  resolved "https://registry.npm.taobao.org/is-extglob/download/is-extglob-2.1.1.tgz#a88c02535791f02ed37c76a1b9ea9773c833f8c2"
  integrity sha1-qIwCU1eR8C7TfHahueqXc8gz+MI=

is-glob@^4.0.1, is-glob@~4.0.1:
  version "4.0.3"
  resolved "https://registry.npmmirror.com/is-glob/download/is-glob-4.0.3.tgz#64f61e42cbbb2eec2071a9dac0b28ba1e65d5084"
  integrity sha1-ZPYeQsu7LuwgcanawLKLoeZdUIQ=
  dependencies:
    is-extglob "^2.1.1"

is-number@^7.0.0:
  version "7.0.0"
  resolved "https://registry.npm.taobao.org/is-number/download/is-number-7.0.0.tgz#7535345b896734d5f80c4d06c50955527a14f12b"
  integrity sha1-dTU0W4lnNNX4DE0GxQlVUnoU8Ss=

is-stream@^2.0.0:
  version "2.0.1"
  resolved "https://registry.yarnpkg.com/is-stream/-/is-stream-2.0.1.tgz#fac1e3d53b97ad5a9d0ae9cef2389f5810a5c077"
  integrity sha512-hFoiJiTl63nn+kstHGBtewWSKnQLpyb155KHheA1l39uvtO9nWIop1p3udqPcUd/xbF1VLMO4n7OI6p7RbngDg==

isexe@^2.0.0:
  version "2.0.0"
  resolved "https://registry.yarnpkg.com/isexe/-/isexe-2.0.0.tgz#e8fbf374dc556ff8947a10dcb0572d633f2cfa10"
  integrity sha1-6PvzdNxVb/iUehDcsFctYz8s+hA=

jiti@^1.12.9:
  version "1.12.9"
  resolved "https://registry.yarnpkg.com/jiti/-/jiti-1.12.9.tgz#2ce45b265cfc8dc91ebd70a5204807cf915291bc"
  integrity sha512-TdcJywkQtcwLxogc4rSMAi479G2eDPzfW0fLySks7TPhgZZ4s/tM6stnzayIh3gS/db3zExWJyUx4cNWrwAmoQ==

kolorist@^1.5.0, kolorist@^1.5.1:
  version "1.5.1"
  resolved "https://registry.yarnpkg.com/kolorist/-/kolorist-1.5.1.tgz#c3d66dc4fabde4f6b7faa6efda84c00491f9e52b"
  integrity sha512-lxpCM3HTvquGxKGzHeknB/sUjuVoUElLlfYnXZT73K8geR9jQbroGlSCFBax9/0mpGoD3kzcMLnOlGQPJJNyqQ==

local-pkg@^0.4.0, local-pkg@^0.4.1:
  version "0.4.1"
  resolved "https://registry.yarnpkg.com/local-pkg/-/local-pkg-0.4.1.tgz#e7b0d7aa0b9c498a1110a5ac5b00ba66ef38cfff"
  integrity sha512-lL87ytIGP2FU5PWwNDo0w3WhIo2gopIAxPg9RxDYF7m4rr5ahuZxP22xnJHIvaLTe4Z9P6uKKY2UHiwyB4pcrw==

locate-path@^6.0.0:
  version "6.0.0"
  resolved "https://registry.yarnpkg.com/locate-path/-/locate-path-6.0.0.tgz#55321eb309febbc59c4801d931a72452a681d286"
  integrity sha512-iPZK6eYjbxRu3uB4/WZ3EsEIMJFMqAoopl3R+zuq0UjcAm/MO6KCweDgPfP3elTztoKP3KtnVHxTn2NHBSDVUw==
  dependencies:
    p-locate "^5.0.0"

magic-string@^0.25.7:
  version "0.25.7"
  resolved "https://registry.yarnpkg.com/magic-string/-/magic-string-0.25.7.tgz#3f497d6fd34c669c6798dcb821f2ef31f5445051"
  integrity sha512-4CrMT5DOHTDk4HYDlzmwu4FVCcIYI8gauveasrdCu2IKIFOJ3f0v/8MDGJCDL9oD2ppz/Av1b0Nj345H9M+XIA==
  dependencies:
    sourcemap-codec "^1.4.4"

merge-stream@^2.0.0:
  version "2.0.0"
  resolved "https://registry.yarnpkg.com/merge-stream/-/merge-stream-2.0.0.tgz#52823629a14dd00c9770fb6ad47dc6310f2c1f60"
  integrity sha512-abv/qOcuPfk3URPfDzmZU1LKmuw8kT+0nIHvKrKgFrwifol/doWcdA4ZqsWQ8ENrFKkd67Mfpo/LovbIUsbt3w==

merge2@^1.3.0:
  version "1.4.1"
  resolved "https://registry.npm.taobao.org/merge2/download/merge2-1.4.1.tgz#4368892f885e907455a6fd7dc55c0c9d404990ae"
  integrity sha1-Q2iJL4hekHRVpv19xVwMnUBJkK4=

micromatch@^4.0.4:
  version "4.0.4"
  resolved "https://registry.npm.taobao.org/micromatch/download/micromatch-4.0.4.tgz?cache=0&sync_timestamp=1618054740956&other_urls=https%3A%2F%2Fregistry.npm.taobao.org%2Fmicromatch%2Fdownload%2Fmicromatch-4.0.4.tgz#896d519dfe9db25fce94ceb7a500919bf881ebf9"
  integrity sha1-iW1Rnf6dsl/OlM63pQCRm/iB6/k=
  dependencies:
    braces "^3.0.1"
    picomatch "^2.2.3"

mimic-fn@^2.1.0:
  version "2.1.0"
  resolved "https://registry.yarnpkg.com/mimic-fn/-/mimic-fn-2.1.0.tgz#7ed2c2ccccaf84d3ffcb7a69b57711fc2083401b"
  integrity sha512-OqbOk5oEQeAZ8WXWydlu9HJjz9WVdEIvamMCcXmuqUYjTknH/sqsWvhQ3vgwKFRR1HpjvNBKQ37nbJgYzGqGcg==

mrmime@^1.0.0:
  version "1.0.0"
  resolved "https://registry.yarnpkg.com/mrmime/-/mrmime-1.0.0.tgz#14d387f0585a5233d291baba339b063752a2398b"
  integrity sha512-a70zx7zFfVO7XpnQ2IX1Myh9yY4UYvfld/dikWRnsXxbyvMcfz+u6UfgNAtH+k2QqtJuzVpv6eLTx1G2+WKZbQ==

ms@2.1.2:
  version "2.1.2"
  resolved "https://registry.yarnpkg.com/ms/-/ms-2.1.2.tgz#d09d1f357b443f493382a8eb3ccd183872ae6009"
  integrity sha512-sGkPx+VjMtmA6MX27oA4FBFELFCZZ4S4XqeGOXCv68tT+jb3vk/RyaKWP0PTKyWtmLSM0b+adUTEvbs1PEaH2w==

normalize-path@^3.0.0, normalize-path@~3.0.0:
  version "3.0.0"
  resolved "https://registry.yarnpkg.com/normalize-path/-/normalize-path-3.0.0.tgz#0dcd69ff23a1c9b11fd0978316644a0388216a65"
  integrity sha512-6eZs5Ls3WtCisHWp9S2GUy8dqkpGi4BVSz3GaqiE6ezub0512ESztXUwUB6C6IKbQkY2Pnb/mD4WYojCRwcwLA==

npm-run-path@^4.0.1:
  version "4.0.1"
  resolved "https://registry.yarnpkg.com/npm-run-path/-/npm-run-path-4.0.1.tgz#b7ecd1e5ed53da8e37a55e1c2269e0b97ed748ea"
  integrity sha512-S48WzZW777zhNIrn7gxOlISNAqi9ZC/uQFnRdbeIHhZhCA6UqpkOT8T1G7BvfdgP4Er8gF4sUbaS0i7QvIfCWw==
  dependencies:
    path-key "^3.0.0"

onetime@^5.1.2:
  version "5.1.2"
  resolved "https://registry.yarnpkg.com/onetime/-/onetime-5.1.2.tgz#d0e96ebb56b07476df1dd9c4806e5237985ca45e"
  integrity sha512-kbpaSSGJTWdAY5KPVeMOKXSrPtr8C8C7wodJbcsd51jRnmD+GZu8Y0VoU6Dm5Z4vWr0Ig/1NKuWRKf7j5aaYSg==
  dependencies:
    mimic-fn "^2.1.0"

p-limit@^3.0.2:
  version "3.1.0"
  resolved "https://registry.yarnpkg.com/p-limit/-/p-limit-3.1.0.tgz#e1daccbe78d0d1388ca18c64fea38e3e57e3706b"
  integrity sha512-TYOanM3wGwNGsZN2cVTYPArw454xnXj5qmWF1bEoAc4+cU/ol7GVh7odevjp1FNHduHc3KZMcFduxU5Xc6uJRQ==
  dependencies:
    yocto-queue "^0.1.0"

p-locate@^5.0.0:
  version "5.0.0"
  resolved "https://registry.yarnpkg.com/p-locate/-/p-locate-5.0.0.tgz#83c8315c6785005e3bd021839411c9e110e6d834"
  integrity sha512-LaNjtRWUBY++zB5nE/NwcaoMylSPk+S+ZHNB1TzdbMJMny6dynpAGt7X/tl/QYq3TIeE6nxHppbo2LGymrG5Pw==
  dependencies:
    p-limit "^3.0.2"

path-exists@^4.0.0:
  version "4.0.0"
  resolved "https://registry.yarnpkg.com/path-exists/-/path-exists-4.0.0.tgz#513bdbe2d3b95d7762e8c1137efa195c6c61b5b3"
  integrity sha512-ak9Qy5Q7jYb2Wwcey5Fpvg2KoAc/ZIhLSLOSBmRmygPsGwkVVt0fZa0qrtMz+m6tJTAHfZQ8FnmB4MG4LWy7/w==

path-key@^3.0.0, path-key@^3.1.0:
  version "3.1.1"
  resolved "https://registry.yarnpkg.com/path-key/-/path-key-3.1.1.tgz#581f6ade658cbba65a0d3380de7753295054f375"
  integrity sha512-ojmeN0qd+y0jszEtoY48r0Peq5dwMEkIlCOu6Q5f41lfkswXuKtYrhgoTpLnyIcHm24Uhqx+5Tqm2InSwLhE6Q==

pathe@^0.2.0:
  version "0.2.0"
  resolved "https://registry.yarnpkg.com/pathe/-/pathe-0.2.0.tgz#30fd7bbe0a0d91f0e60bae621f5d19e9e225c339"
  integrity sha512-sTitTPYnn23esFR3RlqYBWn4c45WGeLcsKzQiUpXJAyfcWkolvlYpV8FLo7JishK946oQwMFUCHXQ9AjGPKExw==

picomatch@^2.0.4, picomatch@^2.2.1, picomatch@^2.2.2, picomatch@^2.2.3:
  version "2.3.1"
  resolved "https://registry.yarnpkg.com/picomatch/-/picomatch-2.3.1.tgz#3ba3833733646d9d3e4995946c1365a67fb07a42"
  integrity sha512-JU3teHTNjmE2VCGFzuY8EXzCDVwEqB2a8fsIvwaStHhAWJEeVd1o1QD80CU6+ZdEXXSLbSsuLwJjkCBWqRQUVA==

queue-microtask@^1.2.2:
  version "1.2.3"
  resolved "https://registry.npm.taobao.org/queue-microtask/download/queue-microtask-1.2.3.tgz?cache=0&sync_timestamp=1616391641179&other_urls=https%3A%2F%2Fregistry.npm.taobao.org%2Fqueue-microtask%2Fdownload%2Fqueue-microtask-1.2.3.tgz#4929228bbc724dfac43e0efb058caf7b6cfb6243"
  integrity sha1-SSkii7xyTfrEPg77BYyve2z7YkM=

readdirp@~3.6.0:
  version "3.6.0"
  resolved "https://registry.yarnpkg.com/readdirp/-/readdirp-3.6.0.tgz#74a370bd857116e245b29cc97340cd431a02a6c7"
  integrity sha512-hOS089on8RduqdbhvQ5Z37A0ESjsqz6qnRcffsMU3495FuTdqSm+7bhJ29JvIOsBDEEnan5DPu9t3To9VRlMzA==
  dependencies:
    picomatch "^2.2.1"

reusify@^1.0.4:
  version "1.0.4"
  resolved "https://registry.npm.taobao.org/reusify/download/reusify-1.0.4.tgz#90da382b1e126efc02146e90845a88db12925d76"
  integrity sha1-kNo4Kx4SbvwCFG6QhFqI2xKSXXY=

run-parallel@^1.1.9:
  version "1.2.0"
  resolved "https://registry.npm.taobao.org/run-parallel/download/run-parallel-1.2.0.tgz?cache=0&sync_timestamp=1612925943325&other_urls=https%3A%2F%2Fregistry.npm.taobao.org%2Frun-parallel%2Fdownload%2Frun-parallel-1.2.0.tgz#66d1368da7bdf921eb9d95bd1a9229e7f21a43ee"
  integrity sha1-ZtE2jae9+SHrnZW9GpIp5/IaQ+4=
  dependencies:
    queue-microtask "^1.2.2"

shebang-command@^2.0.0:
  version "2.0.0"
  resolved "https://registry.yarnpkg.com/shebang-command/-/shebang-command-2.0.0.tgz#ccd0af4f8835fbdc265b82461aaf0c36663f34ea"
  integrity sha512-kHxr2zZpYtdmrN1qDjrrX/Z1rR1kG8Dx+gkpK1G4eXmvXswmcE1hTWBWYUzlraYw1/yZp6YuDY77YtvbN0dmDA==
  dependencies:
    shebang-regex "^3.0.0"

shebang-regex@^3.0.0:
  version "3.0.0"
  resolved "https://registry.yarnpkg.com/shebang-regex/-/shebang-regex-3.0.0.tgz#ae16f1644d873ecad843b0307b143362d4c42172"
  integrity sha512-7++dFhtcx3353uBaq8DDR4NuxBetBzC7ZQOhmTQInHEd6bSrXdiEyzCvG07Z44UYdLShWUyXt5M/yhz8ekcb1A==

signal-exit@^3.0.3:
  version "3.0.6"
  resolved "https://registry.yarnpkg.com/signal-exit/-/signal-exit-3.0.6.tgz#24e630c4b0f03fea446a2bd299e62b4a6ca8d0af"
  integrity sha512-sDl4qMFpijcGw22U5w63KmD3cZJfBuFlVNbVMKje2keoKML7X2UzWbc4XrmEbDwg0NXJc3yv4/ox7b+JWb57kQ==

sirv@^2.0.0:
  version "2.0.0"
  resolved "https://registry.yarnpkg.com/sirv/-/sirv-2.0.0.tgz#e6d41213d3b192f2207f551ba5c03e1cc7e11e31"
  integrity sha512-TT+4+zSM9LR8soWT5/4gOYHfB5a5XEOSV2LtmBRN5MUxi8kh7BSRGuoRYjeBaqhR4w+yx+k6t0OibDNgoLfF7w==
  dependencies:
    "@polka/url" "^1.0.0-next.20"
    mrmime "^1.0.0"
    totalist "^2.0.0"

sourcemap-codec@^1.4.4:
  version "1.4.8"
  resolved "https://registry.yarnpkg.com/sourcemap-codec/-/sourcemap-codec-1.4.8.tgz#ea804bd94857402e6992d05a38ef1ae35a9ab4c4"
  integrity sha512-9NykojV5Uih4lgo5So5dtw+f0JgJX30KCNI8gwhz2J9A15wD0Ml6tjHKwf6fTSa6fAdVBdZeNOs9eJ71qCk8vA==

strip-final-newline@^2.0.0:
  version "2.0.0"
  resolved "https://registry.yarnpkg.com/strip-final-newline/-/strip-final-newline-2.0.0.tgz#89b852fb2fcbe936f6f4b3187afb0a12c1ab58ad"
  integrity sha512-BrpvfNAE3dcvq7ll3xVumzjKjZQ5tI1sEUIKr3Uoks0XUl45St3FlatVqef9prk4jRDzhW6WZg+3bk93y6pLjA==

to-regex-range@^5.0.1:
  version "5.0.1"
  resolved "https://registry.npm.taobao.org/to-regex-range/download/to-regex-range-5.0.1.tgz#1648c44aae7c8d988a326018ed72f5b4dd0392e4"
  integrity sha1-FkjESq58jZiKMmAY7XL1tN0DkuQ=
  dependencies:
    is-number "^7.0.0"

totalist@^2.0.0:
  version "2.0.0"
  resolved "https://registry.yarnpkg.com/totalist/-/totalist-2.0.0.tgz#db6f1e19c0fa63e71339bbb8fba89653c18c7eec"
  integrity sha512-+Y17F0YzxfACxTyjfhnJQEe7afPA0GSpYlFkl2VFMxYP7jshQf9gXV7cH47EfToBumFThfKBvfAcoUn6fdNeRQ==

unconfig@^0.2.2:
  version "0.2.2"
  resolved "https://registry.yarnpkg.com/unconfig/-/unconfig-0.2.2.tgz#08742355bdadb8cf9d1f1870a971fec87f38726e"
  integrity sha512-JN1MeYJ/POnjBj7NgOJJxPp6+NcD6Nd0hEuK0D89kjm9GvQQUq8HeE2Eb7PZgtu+64mWkDiqeJn1IZoLH7htPg==
  dependencies:
    "@antfu/utils" "^0.3.0"
    defu "^5.0.0"
    jiti "^1.12.9"

unocss@^0.22.2:
  version "0.22.2"
  resolved "https://registry.yarnpkg.com/unocss/-/unocss-0.22.2.tgz#4c63e18c3d25fcadaa1516cfe4625c7ba4eb5035"
  integrity sha512-zKKCtd5CLQ/WhutXyWzFDw1/VPCS00XB64IaBdNql8UMQhirvJG4QILKS1voDArTgsZ+QvSpfEBt+1pRgXDk4A==
  dependencies:
    "@unocss/cli" "0.22.2"
    "@unocss/core" "0.22.2"
    "@unocss/preset-attributify" "0.22.2"
    "@unocss/preset-icons" "0.22.2"
    "@unocss/preset-uno" "0.22.2"
    "@unocss/preset-web-fonts" "0.22.2"
    "@unocss/reset" "0.22.2"
    "@unocss/vite" "0.22.2"

vite-plugin-windicss@^1.6.2:
  version "1.6.2"
  resolved "https://registry.yarnpkg.com/vite-plugin-windicss/-/vite-plugin-windicss-1.6.2.tgz#07a628464d938c895a1093614f07168f0e2ed830"
  integrity sha512-JFZmWo2XumDIoOk6wOW7RugVFpq0ACJ7DRT0dPi8KJ0fCNyYF+Wu6xyig7/QOQEAfoMbYxnVeU3CWGU4D5PlyA==
  dependencies:
    "@windicss/plugin-utils" "1.6.2"
    debug "^4.3.3"
    kolorist "^1.5.1"
    windicss "^3.4.2"

which@^2.0.1:
  version "2.0.2"
  resolved "https://registry.yarnpkg.com/which/-/which-2.0.2.tgz#7c6a8dd0a636a0327e10b59c9286eee93f3f51b1"
  integrity sha512-BLI3Tl1TW3Pvl70l3yq3Y64i+awpwXqsGBYWkkqMtnbXgrMD+yj7rhW0kuEDxzJaYXGjEW5ogapKNMEKNMjibA==
  dependencies:
    isexe "^2.0.0"

windicss@^3.4.2:
  version "3.4.2"
  resolved "https://registry.yarnpkg.com/windicss/-/windicss-3.4.2.tgz#257795c9be8b6e93117ffa3fb27874d225da6679"
  integrity sha512-YieqWaXiwPu0JJoB7z03RXdjZjQQJtMZAeXUXu/j3JXSMhIgV/2rUXu4Q7QrworRlbaASZlFhxjnL/78aAty+Q==

yocto-queue@^0.1.0:
  version "0.1.0"
  resolved "https://registry.yarnpkg.com/yocto-queue/-/yocto-queue-0.1.0.tgz#0294eb3dee05028d31ee1a5fa2c556a6aaf10a1b"
  integrity sha512-rVksvsnNCdJ/ohGc6xgPwyN8eheCxsiLM8mxuE/t/mOVqJewPuO1miLpTHQiRgTKCLexL4MeAFVagts7HmNZ2Q==
